
Microsoft Visual Studio Solution File, Format Version 12.00
# Visual Studio 15
VisualStudioVersion = 15.0.28010.2026
MinimumVisualStudioVersion = 10.0.40219.1
Project("{FAE04EC0-301F-11D3-BF4B-00C04F79EFBC}") = "NezzyBird", "NezzyBird\NezzyBird.csproj", "{A64859E4-95FE-45FD-85F8-6D7FA1D8A3BD}"
EndProject
Global
	GlobalSection(SolutionConfigurationPlatforms) = preSolution
		Debug|Any CPU = Debug|Any CPU
		Release|Any CPU = Release|Any CPU
	EndGlobalSection
	GlobalSection(ProjectConfigurationPlatforms) = postSolution
		{A64859E4-95FE-45FD-85F8-6D7FA1D8A3BD}.Debug|Any CPU.ActiveCfg = Debug|Any CPU
		{A64859E4-95FE-45FD-85F8-6D7FA1D8A3BD}.Debug|Any CPU.Build.0 = Debug|Any CPU
		{A64859E4-95FE-45FD-85F8-6D7FA1D8A3BD}.Release|Any CPU.ActiveCfg = Release|Any CPU
		{A64859E4-95FE-45FD-85F8-6D7FA1D8A3BD}.Release|Any CPU.Build.0 = Release|Any CPU
	EndGlobalSection
	GlobalSection(SolutionProperties) = preSolution
		HideSolutionNode = FALSE
	EndGlobalSection
	GlobalSection(ExtensibilityGlobals) = postSolution
		SolutionGuid = {186C869F-F543-41BE-8ED4-DB95216BDDC8}
	EndGlobalSection
EndGlobal
